// !$*UTF8*$!
{
	archiveVersion = 1;
	classes = {
	};
	objectVersion = 46;
	objects = {

/* Begin PBXBuildFile section */
		95185CAB1BD3BDFF001396C3 /* Levels.plist in Resources */ = {isa = PBXBuildFile; fileRef = 95185CAA1BD3BDFF001396C3 /* Levels.plist */; };
		95185CB71BD3EEF7001396C3 /* Levels.storyboard in Resources */ = {isa = PBXBuildFile; fileRef = 95185CB61BD3EEF7001396C3 /* Levels.storyboard */; };
		95232EB81C14513700F4B284 /* LevelIntro.storyboard in Resources */ = {isa = PBXBuildFile; fileRef = 95232EB71C14513700F4B284 /* LevelIntro.storyboard */; };
		95232EBA1C14516D00F4B284 /* LevelIntroController.swift in Sources */ = {isa = PBXBuildFile; fileRef = 95232EB91C14516D00F4B284 /* LevelIntroController.swift */; };
		952B45F01C0B2545004233D3 /* GameOverController.swift in Sources */ = {isa = PBXBuildFile; fileRef = 952B45EF1C0B2545004233D3 /* GameOverController.swift */; };
		952B45F41C0B279D004233D3 /* Storyboard.swift in Sources */ = {isa = PBXBuildFile; fileRef = 952B45F31C0B279D004233D3 /* Storyboard.swift */; };
		952B45FC1C0B34C5004233D3 /* GameOver.storyboard in Resources */ = {isa = PBXBuildFile; fileRef = 952B45FB1C0B34C5004233D3 /* GameOver.storyboard */; };
		952B46001C0B8DFF004233D3 /* GameResult.swift in Sources */ = {isa = PBXBuildFile; fileRef = 952B45FF1C0B8DFF004233D3 /* GameResult.swift */; };
		952B46021C0B8EC3004233D3 /* GameActions.swift in Sources */ = {isa = PBXBuildFile; fileRef = 952B46011C0B8EC3004233D3 /* GameActions.swift */; };
		9590FA941BE6863600F64706 /* Sky.swift in Sources */ = {isa = PBXBuildFile; fileRef = 9590FA931BE6863600F64706 /* Sky.swift */; };
		95A498C11BD3AEF200179B99 /* Credits.storyboard in Resources */ = {isa = PBXBuildFile; fileRef = 95A498C01BD3AEF200179B99 /* Credits.storyboard */; };
		95A4AFBA1BDD473F006E1A18 /* Diver.swift in Sources */ = {isa = PBXBuildFile; fileRef = 95A4AFB31BDD473F006E1A18 /* Diver.swift */; };
		95A4AFBB1BDD473F006E1A18 /* Fish.swift in Sources */ = {isa = PBXBuildFile; fileRef = 95A4AFB41BDD473F006E1A18 /* Fish.swift */; };
		95A4AFBC1BDD473F006E1A18 /* Ship.swift in Sources */ = {isa = PBXBuildFile; fileRef = 95A4AFB51BDD473F006E1A18 /* Ship.swift */; };
		95A4AFBD1BDD473F006E1A18 /* Treasure.swift in Sources */ = {isa = PBXBuildFile; fileRef = 95A4AFB61BDD473F006E1A18 /* Treasure.swift */; };
		95A4AFBE1BDD473F006E1A18 /* Tube.swift in Sources */ = {isa = PBXBuildFile; fileRef = 95A4AFB71BDD473F006E1A18 /* Tube.swift */; };
		95A4AFBF1BDD473F006E1A18 /* Unit.swift in Sources */ = {isa = PBXBuildFile; fileRef = 95A4AFB81BDD473F006E1A18 /* Unit.swift */; };
		95A4AFC01BDD473F006E1A18 /* Units.swift in Sources */ = {isa = PBXBuildFile; fileRef = 95A4AFB91BDD473F006E1A18 /* Units.swift */; };
		95B7B3A21BEA21F4009F6B8D /* Herb.swift in Sources */ = {isa = PBXBuildFile; fileRef = 95B7B3A11BEA21F4009F6B8D /* Herb.swift */; };
		95C17D121BEE06F700BD1C5B /* Bullet.swift in Sources */ = {isa = PBXBuildFile; fileRef = 95C17D111BEE06F700BD1C5B /* Bullet.swift */; };
		95D3F8E41C0B06CE000F1B13 /* CharKit+AttributedView.swift in Sources */ = {isa = PBXBuildFile; fileRef = 95D3F8D91C0B06CE000F1B13 /* CharKit+AttributedView.swift */; };
		95D3F8E51C0B06CE000F1B13 /* CharKit+Controller.swift in Sources */ = {isa = PBXBuildFile; fileRef = 95D3F8DA1C0B06CE000F1B13 /* CharKit+Controller.swift */; };
		95D3F8E61C0B06CE000F1B13 /* CharKit+GLView.swift in Sources */ = {isa = PBXBuildFile; fileRef = 95D3F8DB1C0B06CE000F1B13 /* CharKit+GLView.swift */; };
		95D3F8E71C0B06CE000F1B13 /* CharKit+Optimal.swift in Sources */ = {isa = PBXBuildFile; fileRef = 95D3F8DC1C0B06CE000F1B13 /* CharKit+Optimal.swift */; };
		95D3F8E81C0B06CE000F1B13 /* CharKit+Scene.swift in Sources */ = {isa = PBXBuildFile; fileRef = 95D3F8DD1C0B06CE000F1B13 /* CharKit+Scene.swift */; };
		95D3F8E91C0B06CE000F1B13 /* CharKit+Speed.swift in Sources */ = {isa = PBXBuildFile; fileRef = 95D3F8DE1C0B06CE000F1B13 /* CharKit+Speed.swift */; };
		95D3F8EA1C0B06CE000F1B13 /* CharKit+Sprite.swift in Sources */ = {isa = PBXBuildFile; fileRef = 95D3F8DF1C0B06CE000F1B13 /* CharKit+Sprite.swift */; };
		95D3F8EB1C0B06CE000F1B13 /* CharKit+TurnedUnit.swift in Sources */ = {isa = PBXBuildFile; fileRef = 95D3F8E01C0B06CE000F1B13 /* CharKit+TurnedUnit.swift */; };
		95D3F8EC1C0B06CE000F1B13 /* CharKit+Unit.swift in Sources */ = {isa = PBXBuildFile; fileRef = 95D3F8E11C0B06CE000F1B13 /* CharKit+Unit.swift */; };
		95D3F8ED1C0B06CE000F1B13 /* CharKit+View.swift in Sources */ = {isa = PBXBuildFile; fileRef = 95D3F8E21C0B06CE000F1B13 /* CharKit+View.swift */; };
		95D3F8EE1C0B06CE000F1B13 /* CharKit.swift in Sources */ = {isa = PBXBuildFile; fileRef = 95D3F8E31C0B06CE000F1B13 /* CharKit.swift */; };
		95D3F8F81C0B0711000F1B13 /* ControlPanel.swift in Sources */ = {isa = PBXBuildFile; fileRef = 95D3F8F01C0B0711000F1B13 /* ControlPanel.swift */; };
		95D3F8F91C0B0711000F1B13 /* JoystickPad.swift in Sources */ = {isa = PBXBuildFile; fileRef = 95D3F8F21C0B0711000F1B13 /* JoystickPad.swift */; };
		95D3F8FA1C0B0711000F1B13 /* Constraint.swift in Sources */ = {isa = PBXBuildFile; fileRef = 95D3F8F41C0B0711000F1B13 /* Constraint.swift */; };
		95D3F8FB1C0B0711000F1B13 /* Directions.swift in Sources */ = {isa = PBXBuildFile; fileRef = 95D3F8F51C0B0711000F1B13 /* Directions.swift */; };
		95D3F8FC1C0B0711000F1B13 /* Helper.swift in Sources */ = {isa = PBXBuildFile; fileRef = 95D3F8F61C0B0711000F1B13 /* Helper.swift */; };
		95D3F8FD1C0B0711000F1B13 /* Updater.swift in Sources */ = {isa = PBXBuildFile; fileRef = 95D3F8F71C0B0711000F1B13 /* Updater.swift */; };
		95D3F9001C0B0749000F1B13 /* Images.xcassets in Resources */ = {isa = PBXBuildFile; fileRef = 95D3F8FF1C0B0749000F1B13 /* Images.xcassets */; };
		95D3F9031C0B0769000F1B13 /* Level.swift in Sources */ = {isa = PBXBuildFile; fileRef = 95D3F9021C0B0769000F1B13 /* Level.swift */; };
		95D3F90B1C0B07C2000F1B13 /* CreditsController.swift in Sources */ = {isa = PBXBuildFile; fileRef = 95D3F9051C0B07C2000F1B13 /* CreditsController.swift */; };
		95D3F90C1C0B07C2000F1B13 /* GameController.swift in Sources */ = {isa = PBXBuildFile; fileRef = 95D3F9071C0B07C2000F1B13 /* GameController.swift */; };
		95D3F90D1C0B07C2000F1B13 /* LevelsController.swift in Sources */ = {isa = PBXBuildFile; fileRef = 95D3F9091C0B07C2000F1B13 /* LevelsController.swift */; };
		95D3F90E1C0B07C2000F1B13 /* MenuController.swift in Sources */ = {isa = PBXBuildFile; fileRef = 95D3F90A1C0B07C2000F1B13 /* MenuController.swift */; };
		95D3F9111C0B07FF000F1B13 /* Constants.swift in Sources */ = {isa = PBXBuildFile; fileRef = 95D3F9101C0B07FF000F1B13 /* Constants.swift */; };
		95D3F9141C0B080E000F1B13 /* Cells.swift in Sources */ = {isa = PBXBuildFile; fileRef = 95D3F9131C0B080E000F1B13 /* Cells.swift */; };
		95D3F9191C0B0834000F1B13 /* GameService.swift in Sources */ = {isa = PBXBuildFile; fileRef = 95D3F9161C0B0834000F1B13 /* GameService.swift */; };
		95D3F91A1C0B0834000F1B13 /* LevelsService.swift in Sources */ = {isa = PBXBuildFile; fileRef = 95D3F9181C0B0834000F1B13 /* LevelsService.swift */; };
		95D3F91C1C0B0CE7000F1B13 /* AppActivating.swift in Sources */ = {isa = PBXBuildFile; fileRef = 95D3F91B1C0B0CE7000F1B13 /* AppActivating.swift */; };
		95FD183F1BD3AA3500126E8C /* AppDelegate.swift in Sources */ = {isa = PBXBuildFile; fileRef = 95FD18281BD3AA3500126E8C /* AppDelegate.swift */; };
		95FD18491BD3AA3500126E8C /* Images.xcassets in Resources */ = {isa = PBXBuildFile; fileRef = 95FD18381BD3AA3500126E8C /* Images.xcassets */; };
		95FD184B1BD3AA3500126E8C /* Minecraft.ttf in Resources */ = {isa = PBXBuildFile; fileRef = 95FD183A1BD3AA3500126E8C /* Minecraft.ttf */; };
		95FD184C1BD3AA3500126E8C /* LaunchScreen.xib in Resources */ = {isa = PBXBuildFile; fileRef = 95FD183C1BD3AA3500126E8C /* LaunchScreen.xib */; };
		95FD184D1BD3AA3500126E8C /* Game.storyboard in Resources */ = {isa = PBXBuildFile; fileRef = 95FD183D1BD3AA3500126E8C /* Game.storyboard */; };
		95FD184E1BD3AA3500126E8C /* Menu.storyboard in Resources */ = {isa = PBXBuildFile; fileRef = 95FD183E1BD3AA3500126E8C /* Menu.storyboard */; };
/* End PBXBuildFile section */

/* Begin PBXFileReference section */
		95185CAA1BD3BDFF001396C3 /* Levels.plist */ = {isa = PBXFileReference; fileEncoding = 4; lastKnownFileType = text.plist.xml; path = Levels.plist; sourceTree = "<group>"; };
		95185CB61BD3EEF7001396C3 /* Levels.storyboard */ = {isa = PBXFileReference; fileEncoding = 4; lastKnownFileType = file.storyboard; path = Levels.storyboard; sourceTree = "<group>"; };
		95232EB71C14513700F4B284 /* LevelIntro.storyboard */ = {isa = PBXFileReference; fileEncoding = 4; lastKnownFileType = file.storyboard; path = LevelIntro.storyboard; sourceTree = "<group>"; };
		95232EB91C14516D00F4B284 /* LevelIntroController.swift */ = {isa = PBXFileReference; fileEncoding = 4; lastKnownFileType = sourcecode.swift; path = LevelIntroController.swift; sourceTree = "<group>"; };
		952B45EF1C0B2545004233D3 /* GameOverController.swift */ = {isa = PBXFileReference; fileEncoding = 4; lastKnownFileType = sourcecode.swift; path = GameOverController.swift; sourceTree = "<group>"; };
		952B45F31C0B279D004233D3 /* Storyboard.swift */ = {isa = PBXFileReference; fileEncoding = 4; lastKnownFileType = sourcecode.swift; path = Storyboard.swift; sourceTree = "<group>"; };
		952B45FB1C0B34C5004233D3 /* GameOver.storyboard */ = {isa = PBXFileReference; fileEncoding = 4; lastKnownFileType = file.storyboard; path = GameOver.storyboard; sourceTree = "<group>"; };
		952B45FF1C0B8DFF004233D3 /* GameResult.swift */ = {isa = PBXFileReference; fileEncoding = 4; lastKnownFileType = sourcecode.swift; path = GameResult.swift; sourceTree = "<group>"; };
		952B46011C0B8EC3004233D3 /* GameActions.swift */ = {isa = PBXFileReference; fileEncoding = 4; lastKnownFileType = sourcecode.swift; path = GameActions.swift; sourceTree = "<group>"; };
		9590FA931BE6863600F64706 /* Sky.swift */ = {isa = PBXFileReference; fileEncoding = 4; lastKnownFileType = sourcecode.swift; path = Sky.swift; sourceTree = "<group>"; };
		95A498C01BD3AEF200179B99 /* Credits.storyboard */ = {isa = PBXFileReference; fileEncoding = 4; lastKnownFileType = file.storyboard; path = Credits.storyboard; sourceTree = "<group>"; };
		95A4AFB31BDD473F006E1A18 /* Diver.swift */ = {isa = PBXFileReference; fileEncoding = 4; lastKnownFileType = sourcecode.swift; path = Diver.swift; sourceTree = "<group>"; };
		95A4AFB41BDD473F006E1A18 /* Fish.swift */ = {isa = PBXFileReference; fileEncoding = 4; lastKnownFileType = sourcecode.swift; path = Fish.swift; sourceTree = "<group>"; };
		95A4AFB51BDD473F006E1A18 /* Ship.swift */ = {isa = PBXFileReference; fileEncoding = 4; lastKnownFileType = sourcecode.swift; path = Ship.swift; sourceTree = "<group>"; };
		95A4AFB61BDD473F006E1A18 /* Treasure.swift */ = {isa = PBXFileReference; fileEncoding = 4; lastKnownFileType = sourcecode.swift; path = Treasure.swift; sourceTree = "<group>"; };
		95A4AFB71BDD473F006E1A18 /* Tube.swift */ = {isa = PBXFileReference; fileEncoding = 4; lastKnownFileType = sourcecode.swift; path = Tube.swift; sourceTree = "<group>"; };
		95A4AFB81BDD473F006E1A18 /* Unit.swift */ = {isa = PBXFileReference; fileEncoding = 4; lastKnownFileType = sourcecode.swift; path = Unit.swift; sourceTree = "<group>"; };
		95A4AFB91BDD473F006E1A18 /* Units.swift */ = {isa = PBXFileReference; fileEncoding = 4; lastKnownFileType = sourcecode.swift; path = Units.swift; sourceTree = "<group>"; };
		95B7B3A11BEA21F4009F6B8D /* Herb.swift */ = {isa = PBXFileReference; fileEncoding = 4; lastKnownFileType = sourcecode.swift; path = Herb.swift; sourceTree = "<group>"; };
		95C17D111BEE06F700BD1C5B /* Bullet.swift */ = {isa = PBXFileReference; fileEncoding = 4; lastKnownFileType = sourcecode.swift; path = Bullet.swift; sourceTree = "<group>"; };
		95C227F51B8A33B5005BBBC2 /* Glug.app */ = {isa = PBXFileReference; explicitFileType = wrapper.application; includeInIndex = 0; path = Glug.app; sourceTree = BUILT_PRODUCTS_DIR; };
		95D3F8D91C0B06CE000F1B13 /* CharKit+AttributedView.swift */ = {isa = PBXFileReference; fileEncoding = 4; lastKnownFileType = sourcecode.swift; path = "CharKit+AttributedView.swift"; sourceTree = "<group>"; };
		95D3F8DA1C0B06CE000F1B13 /* CharKit+Controller.swift */ = {isa = PBXFileReference; fileEncoding = 4; lastKnownFileType = sourcecode.swift; path = "CharKit+Controller.swift"; sourceTree = "<group>"; };
		95D3F8DB1C0B06CE000F1B13 /* CharKit+GLView.swift */ = {isa = PBXFileReference; fileEncoding = 4; lastKnownFileType = sourcecode.swift; path = "CharKit+GLView.swift"; sourceTree = "<group>"; };
		95D3F8DC1C0B06CE000F1B13 /* CharKit+Optimal.swift */ = {isa = PBXFileReference; fileEncoding = 4; lastKnownFileType = sourcecode.swift; path = "CharKit+Optimal.swift"; sourceTree = "<group>"; };
		95D3F8DD1C0B06CE000F1B13 /* CharKit+Scene.swift */ = {isa = PBXFileReference; fileEncoding = 4; lastKnownFileType = sourcecode.swift; path = "CharKit+Scene.swift"; sourceTree = "<group>"; };
		95D3F8DE1C0B06CE000F1B13 /* CharKit+Speed.swift */ = {isa = PBXFileReference; fileEncoding = 4; lastKnownFileType = sourcecode.swift; path = "CharKit+Speed.swift"; sourceTree = "<group>"; };
		95D3F8DF1C0B06CE000F1B13 /* CharKit+Sprite.swift */ = {isa = PBXFileReference; fileEncoding = 4; lastKnownFileType = sourcecode.swift; path = "CharKit+Sprite.swift"; sourceTree = "<group>"; };
		95D3F8E01C0B06CE000F1B13 /* CharKit+TurnedUnit.swift */ = {isa = PBXFileReference; fileEncoding = 4; lastKnownFileType = sourcecode.swift; path = "CharKit+TurnedUnit.swift"; sourceTree = "<group>"; };
		95D3F8E11C0B06CE000F1B13 /* CharKit+Unit.swift */ = {isa = PBXFileReference; fileEncoding = 4; lastKnownFileType = sourcecode.swift; path = "CharKit+Unit.swift"; sourceTree = "<group>"; };
		95D3F8E21C0B06CE000F1B13 /* CharKit+View.swift */ = {isa = PBXFileReference; fileEncoding = 4; lastKnownFileType = sourcecode.swift; path = "CharKit+View.swift"; sourceTree = "<group>"; };
		95D3F8E31C0B06CE000F1B13 /* CharKit.swift */ = {isa = PBXFileReference; fileEncoding = 4; lastKnownFileType = sourcecode.swift; path = CharKit.swift; sourceTree = "<group>"; };
		95D3F8F01C0B0711000F1B13 /* ControlPanel.swift */ = {isa = PBXFileReference; fileEncoding = 4; lastKnownFileType = sourcecode.swift; path = ControlPanel.swift; sourceTree = "<group>"; };
		95D3F8F21C0B0711000F1B13 /* JoystickPad.swift */ = {isa = PBXFileReference; fileEncoding = 4; lastKnownFileType = sourcecode.swift; path = JoystickPad.swift; sourceTree = "<group>"; };
		95D3F8F41C0B0711000F1B13 /* Constraint.swift */ = {isa = PBXFileReference; fileEncoding = 4; lastKnownFileType = sourcecode.swift; path = Constraint.swift; sourceTree = "<group>"; };
		95D3F8F51C0B0711000F1B13 /* Directions.swift */ = {isa = PBXFileReference; fileEncoding = 4; lastKnownFileType = sourcecode.swift; path = Directions.swift; sourceTree = "<group>"; };
		95D3F8F61C0B0711000F1B13 /* Helper.swift */ = {isa = PBXFileReference; fileEncoding = 4; lastKnownFileType = sourcecode.swift; path = Helper.swift; sourceTree = "<group>"; };
		95D3F8F71C0B0711000F1B13 /* Updater.swift */ = {isa = PBXFileReference; fileEncoding = 4; lastKnownFileType = sourcecode.swift; path = Updater.swift; sourceTree = "<group>"; };
		95D3F8FF1C0B0749000F1B13 /* Images.xcassets */ = {isa = PBXFileReference; lastKnownFileType = folder.assetcatalog; path = Images.xcassets; sourceTree = "<group>"; };
		95D3F9021C0B0769000F1B13 /* Level.swift */ = {isa = PBXFileReference; fileEncoding = 4; lastKnownFileType = sourcecode.swift; path = Level.swift; sourceTree = "<group>"; };
		95D3F9051C0B07C2000F1B13 /* CreditsController.swift */ = {isa = PBXFileReference; fileEncoding = 4; lastKnownFileType = sourcecode.swift; path = CreditsController.swift; sourceTree = "<group>"; };
		95D3F9071C0B07C2000F1B13 /* GameController.swift */ = {isa = PBXFileReference; fileEncoding = 4; lastKnownFileType = sourcecode.swift; path = GameController.swift; sourceTree = "<group>"; };
		95D3F9091C0B07C2000F1B13 /* LevelsController.swift */ = {isa = PBXFileReference; fileEncoding = 4; lastKnownFileType = sourcecode.swift; path = LevelsController.swift; sourceTree = "<group>"; };
		95D3F90A1C0B07C2000F1B13 /* MenuController.swift */ = {isa = PBXFileReference; fileEncoding = 4; lastKnownFileType = sourcecode.swift; path = MenuController.swift; sourceTree = "<group>"; };
		95D3F9101C0B07FF000F1B13 /* Constants.swift */ = {isa = PBXFileReference; fileEncoding = 4; lastKnownFileType = sourcecode.swift; path = Constants.swift; sourceTree = "<group>"; };
		95D3F9131C0B080E000F1B13 /* Cells.swift */ = {isa = PBXFileReference; fileEncoding = 4; lastKnownFileType = sourcecode.swift; path = Cells.swift; sourceTree = "<group>"; };
		95D3F9161C0B0834000F1B13 /* GameService.swift */ = {isa = PBXFileReference; fileEncoding = 4; lastKnownFileType = sourcecode.swift; path = GameService.swift; sourceTree = "<group>"; };
		95D3F9181C0B0834000F1B13 /* LevelsService.swift */ = {isa = PBXFileReference; fileEncoding = 4; lastKnownFileType = sourcecode.swift; path = LevelsService.swift; sourceTree = "<group>"; };
		95D3F91B1C0B0CE7000F1B13 /* AppActivating.swift */ = {isa = PBXFileReference; fileEncoding = 4; lastKnownFileType = sourcecode.swift; path = AppActivating.swift; sourceTree = "<group>"; };
		95FD18281BD3AA3500126E8C /* AppDelegate.swift */ = {isa = PBXFileReference; fileEncoding = 4; lastKnownFileType = sourcecode.swift; path = AppDelegate.swift; sourceTree = "<group>"; };
		95FD18381BD3AA3500126E8C /* Images.xcassets */ = {isa = PBXFileReference; lastKnownFileType = folder.assetcatalog; path = Images.xcassets; sourceTree = "<group>"; };
		95FD18391BD3AA3500126E8C /* Info.plist */ = {isa = PBXFileReference; fileEncoding = 4; lastKnownFileType = text.plist.xml; path = Info.plist; sourceTree = "<group>"; };
		95FD183A1BD3AA3500126E8C /* Minecraft.ttf */ = {isa = PBXFileReference; lastKnownFileType = file; path = Minecraft.ttf; sourceTree = "<group>"; };
		95FD183C1BD3AA3500126E8C /* LaunchScreen.xib */ = {isa = PBXFileReference; fileEncoding = 4; lastKnownFileType = file.xib; path = LaunchScreen.xib; sourceTree = "<group>"; };
		95FD183D1BD3AA3500126E8C /* Game.storyboard */ = {isa = PBXFileReference; fileEncoding = 4; lastKnownFileType = file.storyboard; path = Game.storyboard; sourceTree = "<group>"; };
		95FD183E1BD3AA3500126E8C /* Menu.storyboard */ = {isa = PBXFileReference; fileEncoding = 4; lastKnownFileType = file.storyboard; path = Menu.storyboard; sourceTree = "<group>"; };
/* End PBXFileReference section */

/* Begin PBXFrameworksBuildPhase section */
		95C227F21B8A33B5005BBBC2 /* Frameworks */ = {
			isa = PBXFrameworksBuildPhase;
			buildActionMask = 2147483647;
			files = (
			);
			runOnlyForDeploymentPostprocessing = 0;
		};
/* End PBXFrameworksBuildPhase section */

/* Begin PBXGroup section */
		952B45FE1C0B8DF5004233D3 /* Game */ = {
			isa = PBXGroup;
			children = (
				952B45FF1C0B8DFF004233D3 /* GameResult.swift */,
				952B46011C0B8EC3004233D3 /* GameActions.swift */,
			);
			path = Game;
			sourceTree = "<group>";
		};
		95A4AFB21BDD4728006E1A18 /* Units */ = {
			isa = PBXGroup;
			children = (
				95A4AFB81BDD473F006E1A18 /* Unit.swift */,
				95A4AFB91BDD473F006E1A18 /* Units.swift */,
				95A4AFB31BDD473F006E1A18 /* Diver.swift */,
				95A4AFB41BDD473F006E1A18 /* Fish.swift */,
				95A4AFB51BDD473F006E1A18 /* Ship.swift */,
				95A4AFB71BDD473F006E1A18 /* Tube.swift */,
				95A4AFB61BDD473F006E1A18 /* Treasure.swift */,
				9590FA931BE6863600F64706 /* Sky.swift */,
				95B7B3A11BEA21F4009F6B8D /* Herb.swift */,
				95C17D111BEE06F700BD1C5B /* Bullet.swift */,
			);
			path = Units;
			sourceTree = "<group>";
		};
		95C227EC1B8A33B5005BBBC2 = {
			isa = PBXGroup;
			children = (
				95C227F71B8A33B5005BBBC2 /* Glug */,
				95C227F61B8A33B5005BBBC2 /* Products */,
			);
			sourceTree = "<group>";
		};
		95C227F61B8A33B5005BBBC2 /* Products */ = {
			isa = PBXGroup;
			children = (
				95C227F51B8A33B5005BBBC2 /* Glug.app */,
			);
			name = Products;
			sourceTree = "<group>";
		};
		95C227F71B8A33B5005BBBC2 /* Glug */ = {
			isa = PBXGroup;
			children = (
				95FD182E1BD3AA3500126E8C /* Libs */,
				95FD18351BD3AA3500126E8C /* Models */,
				95FD183B1BD3AA3500126E8C /* Views */,
				95FD18291BD3AA3500126E8C /* Controllers */,
				95D3F90F1C0B07FF000F1B13 /* Utils */,
				95FD18361BD3AA3500126E8C /* Services */,
				95FD18271BD3AA3500126E8C /* App */,
				95FD18371BD3AA3500126E8C /* Supporting Files */,
			);
			path = Glug;
			sourceTree = "<group>";
		};
		95D3F8D81C0B06CE000F1B13 /* CharKit */ = {
			isa = PBXGroup;
			children = (
				95D3F8E31C0B06CE000F1B13 /* CharKit.swift */,
				95D3F8D91C0B06CE000F1B13 /* CharKit+AttributedView.swift */,
				95D3F8DA1C0B06CE000F1B13 /* CharKit+Controller.swift */,
				95D3F8DB1C0B06CE000F1B13 /* CharKit+GLView.swift */,
				95D3F8DC1C0B06CE000F1B13 /* CharKit+Optimal.swift */,
				95D3F8DD1C0B06CE000F1B13 /* CharKit+Scene.swift */,
				95D3F8DE1C0B06CE000F1B13 /* CharKit+Speed.swift */,
				95D3F8DF1C0B06CE000F1B13 /* CharKit+Sprite.swift */,
				95D3F8E01C0B06CE000F1B13 /* CharKit+TurnedUnit.swift */,
				95D3F8E11C0B06CE000F1B13 /* CharKit+Unit.swift */,
				95D3F8E21C0B06CE000F1B13 /* CharKit+View.swift */,
			);
			path = CharKit;
			sourceTree = "<group>";
		};
		95D3F8EF1C0B0711000F1B13 /* ControlPanel */ = {
			isa = PBXGroup;
			children = (
				95D3F8FE1C0B0749000F1B13 /* Asssets */,
				95D3F8F01C0B0711000F1B13 /* ControlPanel.swift */,
			);
			path = ControlPanel;
			sourceTree = "<group>";
		};
		95D3F8F11C0B0711000F1B13 /* Joystick */ = {
			isa = PBXGroup;
			children = (
				95D3F8F21C0B0711000F1B13 /* JoystickPad.swift */,
			);
			path = Joystick;
			sourceTree = "<group>";
		};
		95D3F8F31C0B0711000F1B13 /* Utils */ = {
			isa = PBXGroup;
			children = (
				95D3F8F41C0B0711000F1B13 /* Constraint.swift */,
				95D3F8F51C0B0711000F1B13 /* Directions.swift */,
				95D3F8F61C0B0711000F1B13 /* Helper.swift */,
				95D3F8F71C0B0711000F1B13 /* Updater.swift */,
				95D3F91B1C0B0CE7000F1B13 /* AppActivating.swift */,
			);
			path = Utils;
			sourceTree = "<group>";
		};
		95D3F8FE1C0B0749000F1B13 /* Asssets */ = {
			isa = PBXGroup;
			children = (
				95D3F8FF1C0B0749000F1B13 /* Images.xcassets */,
			);
			path = Asssets;
			sourceTree = "<group>";
		};
		95D3F9011C0B0769000F1B13 /* Menu */ = {
			isa = PBXGroup;
			children = (
				95D3F9021C0B0769000F1B13 /* Level.swift */,
			);
			path = Menu;
			sourceTree = "<group>";
		};
		95D3F9041C0B07C2000F1B13 /* Credits */ = {
			isa = PBXGroup;
			children = (
				95D3F9051C0B07C2000F1B13 /* CreditsController.swift */,
			);
			path = Credits;
			sourceTree = "<group>";
		};
		95D3F9061C0B07C2000F1B13 /* Game */ = {
			isa = PBXGroup;
			children = (
				95D3F9071C0B07C2000F1B13 /* GameController.swift */,
			);
			path = Game;
			sourceTree = "<group>";
		};
		95D3F9081C0B07C2000F1B13 /* Menu */ = {
			isa = PBXGroup;
			children = (
				95D3F9091C0B07C2000F1B13 /* LevelsController.swift */,
				95D3F90A1C0B07C2000F1B13 /* MenuController.swift */,
				952B45EF1C0B2545004233D3 /* GameOverController.swift */,
				95232EB91C14516D00F4B284 /* LevelIntroController.swift */,
			);
			path = Menu;
			sourceTree = "<group>";
		};
		95D3F90F1C0B07FF000F1B13 /* Utils */ = {
			isa = PBXGroup;
			children = (
				95D3F9101C0B07FF000F1B13 /* Constants.swift */,
				952B45F31C0B279D004233D3 /* Storyboard.swift */,
			);
			path = Utils;
			sourceTree = "<group>";
		};
		95D3F9121C0B080E000F1B13 /* Cells */ = {
			isa = PBXGroup;
			children = (
				95D3F9131C0B080E000F1B13 /* Cells.swift */,
			);
			path = Cells;
			sourceTree = "<group>";
		};
		95D3F9151C0B0834000F1B13 /* Game */ = {
			isa = PBXGroup;
			children = (
				95D3F9161C0B0834000F1B13 /* GameService.swift */,
			);
			path = Game;
			sourceTree = "<group>";
		};
		95D3F9171C0B0834000F1B13 /* Menu */ = {
			isa = PBXGroup;
			children = (
				95D3F9181C0B0834000F1B13 /* LevelsService.swift */,
			);
			path = Menu;
			sourceTree = "<group>";
		};
		95FD18271BD3AA3500126E8C /* App */ = {
			isa = PBXGroup;
			children = (
				95FD18281BD3AA3500126E8C /* AppDelegate.swift */,
			);
			path = App;
			sourceTree = "<group>";
		};
		95FD18291BD3AA3500126E8C /* Controllers */ = {
			isa = PBXGroup;
			children = (
				95D3F9041C0B07C2000F1B13 /* Credits */,
				95D3F9061C0B07C2000F1B13 /* Game */,
				95D3F9081C0B07C2000F1B13 /* Menu */,
			);
			path = Controllers;
			sourceTree = "<group>";
		};
		95FD182E1BD3AA3500126E8C /* Libs */ = {
			isa = PBXGroup;
			children = (
				95D3F8EF1C0B0711000F1B13 /* ControlPanel */,
				95D3F8F11C0B0711000F1B13 /* Joystick */,
				95D3F8F31C0B0711000F1B13 /* Utils */,
				95D3F8D81C0B06CE000F1B13 /* CharKit */,
			);
			path = Libs;
			sourceTree = "<group>";
		};
		95FD18351BD3AA3500126E8C /* Models */ = {
			isa = PBXGroup;
			children = (
				952B45FE1C0B8DF5004233D3 /* Game */,
				95D3F9011C0B0769000F1B13 /* Menu */,
				95A4AFB21BDD4728006E1A18 /* Units */,
			);
			path = Models;
			sourceTree = "<group>";
		};
		95FD18361BD3AA3500126E8C /* Services */ = {
			isa = PBXGroup;
			children = (
				95D3F9151C0B0834000F1B13 /* Game */,
				95D3F9171C0B0834000F1B13 /* Menu */,
			);
			path = Services;
			sourceTree = "<group>";
		};
		95FD18371BD3AA3500126E8C /* Supporting Files */ = {
			isa = PBXGroup;
			children = (
				95185CAA1BD3BDFF001396C3 /* Levels.plist */,
				95FD18381BD3AA3500126E8C /* Images.xcassets */,
				95FD18391BD3AA3500126E8C /* Info.plist */,
				95FD183A1BD3AA3500126E8C /* Minecraft.ttf */,
			);
			path = "Supporting Files";
			sourceTree = "<group>";
		};
		95FD183B1BD3AA3500126E8C /* Views */ = {
			isa = PBXGroup;
			children = (
				95D3F9121C0B080E000F1B13 /* Cells */,
				95FD183C1BD3AA3500126E8C /* LaunchScreen.xib */,
				95FD183D1BD3AA3500126E8C /* Game.storyboard */,
				95FD183E1BD3AA3500126E8C /* Menu.storyboard */,
				95A498C01BD3AEF200179B99 /* Credits.storyboard */,
				95185CB61BD3EEF7001396C3 /* Levels.storyboard */,
				952B45FB1C0B34C5004233D3 /* GameOver.storyboard */,
				95232EB71C14513700F4B284 /* LevelIntro.storyboard */,
			);
			path = Views;
			sourceTree = "<group>";
		};
/* End PBXGroup section */

/* Begin PBXNativeTarget section */
		95C227F41B8A33B5005BBBC2 /* Glug */ = {
			isa = PBXNativeTarget;
			buildConfigurationList = 95C228141B8A33B6005BBBC2 /* Build configuration list for PBXNativeTarget "Glug" */;
			buildPhases = (
				95C227F11B8A33B5005BBBC2 /* Sources */,
				95C227F21B8A33B5005BBBC2 /* Frameworks */,
				95C227F31B8A33B5005BBBC2 /* Resources */,
			);
			buildRules = (
			);
			dependencies = (
			);
			name = Glug;
			productName = Glug;
			productReference = 95C227F51B8A33B5005BBBC2 /* Glug.app */;
			productType = "com.apple.product-type.application";
		};
/* End PBXNativeTarget section */

/* Begin PBXProject section */
		95C227ED1B8A33B5005BBBC2 /* Project object */ = {
			isa = PBXProject;
			attributes = {
				LastSwiftMigration = 0700;
				LastSwiftUpdateCheck = 0700;
				LastUpgradeCheck = 0700;
				ORGANIZATIONNAME = anukhov;
				TargetAttributes = {
					95C227F41B8A33B5005BBBC2 = {
						CreatedOnToolsVersion = 6.4;
					};
				};
			};
			buildConfigurationList = 95C227F01B8A33B5005BBBC2 /* Build configuration list for PBXProject "Glug" */;
			compatibilityVersion = "Xcode 3.2";
			developmentRegion = English;
			hasScannedForEncodings = 0;
			knownRegions = (
				en,
			);
			mainGroup = 95C227EC1B8A33B5005BBBC2;
			productRefGroup = 95C227F61B8A33B5005BBBC2 /* Products */;
			projectDirPath = "";
			projectRoot = "";
			targets = (
				95C227F41B8A33B5005BBBC2 /* Glug */,
			);
		};
/* End PBXProject section */

/* Begin PBXResourcesBuildPhase section */
		95C227F31B8A33B5005BBBC2 /* Resources */ = {
			isa = PBXResourcesBuildPhase;
			buildActionMask = 2147483647;
			files = (
				95D3F9001C0B0749000F1B13 /* Images.xcassets in Resources */,
				95FD184C1BD3AA3500126E8C /* LaunchScreen.xib in Resources */,
				95A498C11BD3AEF200179B99 /* Credits.storyboard in Resources */,
				95232EB81C14513700F4B284 /* LevelIntro.storyboard in Resources */,
				952B45FC1C0B34C5004233D3 /* GameOver.storyboard in Resources */,
				95FD184D1BD3AA3500126E8C /* Game.storyboard in Resources */,
				95185CB71BD3EEF7001396C3 /* Levels.storyboard in Resources */,
				95FD184B1BD3AA3500126E8C /* Minecraft.ttf in Resources */,
				95185CAB1BD3BDFF001396C3 /* Levels.plist in Resources */,
				95FD184E1BD3AA3500126E8C /* Menu.storyboard in Resources */,
				95FD18491BD3AA3500126E8C /* Images.xcassets in Resources */,
			);
			runOnlyForDeploymentPostprocessing = 0;
		};
/* End PBXResourcesBuildPhase section */

/* Begin PBXSourcesBuildPhase section */
		95C227F11B8A33B5005BBBC2 /* Sources */ = {
			isa = PBXSourcesBuildPhase;
			buildActionMask = 2147483647;
			files = (
				95D3F9031C0B0769000F1B13 /* Level.swift in Sources */,
				95D3F90B1C0B07C2000F1B13 /* CreditsController.swift in Sources */,
				95FD183F1BD3AA3500126E8C /* AppDelegate.swift in Sources */,
				95D3F8FB1C0B0711000F1B13 /* Directions.swift in Sources */,
				95A4AFC01BDD473F006E1A18 /* Units.swift in Sources */,
				95D3F8E71C0B06CE000F1B13 /* CharKit+Optimal.swift in Sources */,
				95D3F91C1C0B0CE7000F1B13 /* AppActivating.swift in Sources */,
				95D3F8ED1C0B06CE000F1B13 /* CharKit+View.swift in Sources */,
				952B46001C0B8DFF004233D3 /* GameResult.swift in Sources */,
				95A4AFBA1BDD473F006E1A18 /* Diver.swift in Sources */,
				95D3F8EB1C0B06CE000F1B13 /* CharKit+TurnedUnit.swift in Sources */,
				95A4AFBE1BDD473F006E1A18 /* Tube.swift in Sources */,
				95B7B3A21BEA21F4009F6B8D /* Herb.swift in Sources */,
				95A4AFBD1BDD473F006E1A18 /* Treasure.swift in Sources */,
				952B45F01C0B2545004233D3 /* GameOverController.swift in Sources */,
				95232EBA1C14516D00F4B284 /* LevelIntroController.swift in Sources */,
				952B46021C0B8EC3004233D3 /* GameActions.swift in Sources */,
				95D3F8EE1C0B06CE000F1B13 /* CharKit.swift in Sources */,
				95A4AFBB1BDD473F006E1A18 /* Fish.swift in Sources */,
				95D3F9191C0B0834000F1B13 /* GameService.swift in Sources */,
				95D3F8FD1C0B0711000F1B13 /* Updater.swift in Sources */,
				95C17D121BEE06F700BD1C5B /* Bullet.swift in Sources */,
				95D3F9141C0B080E000F1B13 /* Cells.swift in Sources */,
				95D3F8F81C0B0711000F1B13 /* ControlPanel.swift in Sources */,
				95D3F90C1C0B07C2000F1B13 /* GameController.swift in Sources */,
				95D3F9111C0B07FF000F1B13 /* Constants.swift in Sources */,
				95D3F90E1C0B07C2000F1B13 /* MenuController.swift in Sources */,
				95D3F8EC1C0B06CE000F1B13 /* CharKit+Unit.swift in Sources */,
				95D3F8FA1C0B0711000F1B13 /* Constraint.swift in Sources */,
				952B45F41C0B279D004233D3 /* Storyboard.swift in Sources */,
				95D3F8E51C0B06CE000F1B13 /* CharKit+Controller.swift in Sources */,
				95D3F91A1C0B0834000F1B13 /* LevelsService.swift in Sources */,
				95D3F90D1C0B07C2000F1B13 /* LevelsController.swift in Sources */,
				95A4AFBF1BDD473F006E1A18 /* Unit.swift in Sources */,
				95D3F8E91C0B06CE000F1B13 /* CharKit+Speed.swift in Sources */,
				95D3F8FC1C0B0711000F1B13 /* Helper.swift in Sources */,
				95A4AFBC1BDD473F006E1A18 /* Ship.swift in Sources */,
				9590FA941BE6863600F64706 /* Sky.swift in Sources */,
				95D3F8E81C0B06CE000F1B13 /* CharKit+Scene.swift in Sources */,
				95D3F8EA1C0B06CE000F1B13 /* CharKit+Sprite.swift in Sources */,
				95D3F8F91C0B0711000F1B13 /* JoystickPad.swift in Sources */,
				95D3F8E41C0B06CE000F1B13 /* CharKit+AttributedView.swift in Sources */,
				95D3F8E61C0B06CE000F1B13 /* CharKit+GLView.swift in Sources */,
			);
			runOnlyForDeploymentPostprocessing = 0;
		};
/* End PBXSourcesBuildPhase section */

/* Begin XCBuildConfiguration section */
		95C228121B8A33B6005BBBC2 /* Debug */ = {
			isa = XCBuildConfiguration;
			buildSettings = {
				ALWAYS_SEARCH_USER_PATHS = NO;
				CLANG_CXX_LANGUAGE_STANDARD = "gnu++0x";
				CLANG_CXX_LIBRARY = "libc++";
				CLANG_ENABLE_MODULES = YES;
				CLANG_ENABLE_OBJC_ARC = YES;
				CLANG_WARN_BOOL_CONVERSION = YES;
				CLANG_WARN_CONSTANT_CONVERSION = YES;
				CLANG_WARN_DIRECT_OBJC_ISA_USAGE = YES_ERROR;
				CLANG_WARN_EMPTY_BODY = YES;
				CLANG_WARN_ENUM_CONVERSION = YES;
				CLANG_WARN_INT_CONVERSION = YES;
				CLANG_WARN_OBJC_ROOT_CLASS = YES_ERROR;
				CLANG_WARN_UNREACHABLE_CODE = YES;
				CLANG_WARN__DUPLICATE_METHOD_MATCH = YES;
				"CODE_SIGN_IDENTITY[sdk=iphoneos*]" = "iPhone Developer";
				COPY_PHASE_STRIP = NO;
				DEBUG_INFORMATION_FORMAT = "dwarf-with-dsym";
				ENABLE_STRICT_OBJC_MSGSEND = YES;
				ENABLE_TESTABILITY = YES;
				GCC_C_LANGUAGE_STANDARD = gnu99;
				GCC_DYNAMIC_NO_PIC = NO;
				GCC_NO_COMMON_BLOCKS = YES;
				GCC_OPTIMIZATION_LEVEL = 0;
				GCC_PREPROCESSOR_DEFINITIONS = (
					"DEBUG=1",
					"$(inherited)",
				);
				GCC_SYMBOLS_PRIVATE_EXTERN = NO;
				GCC_WARN_64_TO_32_BIT_CONVERSION = YES;
				GCC_WARN_ABOUT_RETURN_TYPE = YES_ERROR;
				GCC_WARN_UNDECLARED_SELECTOR = YES;
				GCC_WARN_UNINITIALIZED_AUTOS = YES_AGGRESSIVE;
				GCC_WARN_UNUSED_FUNCTION = YES;
				GCC_WARN_UNUSED_VARIABLE = YES;
				IPHONEOS_DEPLOYMENT_TARGET = 8.4;
				MTL_ENABLE_DEBUG_INFO = YES;
				ONLY_ACTIVE_ARCH = YES;
				OTHER_SWIFT_FLAGS = "-D DEBUG_SCENE_RENDER";
				SDKROOT = iphoneos;
				SWIFT_OPTIMIZATION_LEVEL = "-Onone";
				TARGETED_DEVICE_FAMILY = "1,2";
			};
			name = Debug;
		};
		95C228131B8A33B6005BBBC2 /* Release */ = {
			isa = XCBuildConfiguration;
			buildSettings = {
				ALWAYS_SEARCH_USER_PATHS = NO;
				CLANG_CXX_LANGUAGE_STANDARD = "gnu++0x";
				CLANG_CXX_LIBRARY = "libc++";
				CLANG_ENABLE_MODULES = YES;
				CLANG_ENABLE_OBJC_ARC = YES;
				CLANG_WARN_BOOL_CONVERSION = YES;
				CLANG_WARN_CONSTANT_CONVERSION = YES;
				CLANG_WARN_DIRECT_OBJC_ISA_USAGE = YES_ERROR;
				CLANG_WARN_EMPTY_BODY = YES;
				CLANG_WARN_ENUM_CONVERSION = YES;
				CLANG_WARN_INT_CONVERSION = YES;
				CLANG_WARN_OBJC_ROOT_CLASS = YES_ERROR;
				CLANG_WARN_UNREACHABLE_CODE = YES;
				CLANG_WARN__DUPLICATE_METHOD_MATCH = YES;
				"CODE_SIGN_IDENTITY[sdk=iphoneos*]" = "iPhone Developer";
				COPY_PHASE_STRIP = NO;
				DEBUG_INFORMATION_FORMAT = "dwarf-with-dsym";
				ENABLE_NS_ASSERTIONS = NO;
				ENABLE_STRICT_OBJC_MSGSEND = YES;
				GCC_C_LANGUAGE_STANDARD = gnu99;
				GCC_NO_COMMON_BLOCKS = YES;
				GCC_WARN_64_TO_32_BIT_CONVERSION = YES;
				GCC_WARN_ABOUT_RETURN_TYPE = YES_ERROR;
				GCC_WARN_UNDECLARED_SELECTOR = YES;
				GCC_WARN_UNINITIALIZED_AUTOS = YES_AGGRESSIVE;
				GCC_WARN_UNUSED_FUNCTION = YES;
				GCC_WARN_UNUSED_VARIABLE = YES;
				IPHONEOS_DEPLOYMENT_TARGET = 8.4;
				MTL_ENABLE_DEBUG_INFO = NO;
				SDKROOT = iphoneos;
				TARGETED_DEVICE_FAMILY = "1,2";
				VALIDATE_PRODUCT = YES;
			};
			name = Release;
		};
		95C228151B8A33B6005BBBC2 /* Debug */ = {
			isa = XCBuildConfiguration;
			buildSettings = {
				ASSETCATALOG_COMPILER_APPICON_NAME = AppIcon;
				INFOPLIST_FILE = "$(SRCROOT)/Glug/Supporting Files/Info.plist";
				LD_RUNPATH_SEARCH_PATHS = "$(inherited) @executable_path/Frameworks";
				OTHER_SWIFT_FLAGS = "$(inherited)";
				PRODUCT_BUNDLE_IDENTIFIER = "anukhov.$(PRODUCT_NAME:rfc1034identifier)";
				PRODUCT_NAME = "$(TARGET_NAME)";
				TARGETED_DEVICE_FAMILY = "1,2";
			};
			name = Debug;
		};
		95C228161B8A33B6005BBBC2 /* Release */ = {
			isa = XCBuildConfiguration;
			buildSettings = {
				ASSETCATALOG_COMPILER_APPICON_NAME = AppIcon;
				INFOPLIST_FILE = "$(SRCROOT)/Glug/Supporting Files/Info.plist";
				LD_RUNPATH_SEARCH_PATHS = "$(inherited) @executable_path/Frameworks";
				OTHER_SWIFT_FLAGS = "$(inherited)";
				PRODUCT_BUNDLE_IDENTIFIER = "anukhov.$(PRODUCT_NAME:rfc1034identifier)";
				PRODUCT_NAME = "$(TARGET_NAME)";
				TARGETED_DEVICE_FAMILY = "1,2";
			};
			name = Release;
		};
/* End XCBuildConfiguration section */

/* Begin XCConfigurationList section */
		95C227F01B8A33B5005BBBC2 /* Build configuration list for PBXProject "Glug" */ = {
			isa = XCConfigurationList;
			buildConfigurations = (
				95C228121B8A33B6005BBBC2 /* Debug */,
				95C228131B8A33B6005BBBC2 /* Release */,
			);
			defaultConfigurationIsVisible = 0;
			defaultConfigurationName = Release;
		};
		95C228141B8A33B6005BBBC2 /* Build configuration list for PBXNativeTarget "Glug" */ = {
			isa = XCConfigurationList;
			buildConfigurations = (
				95C228151B8A33B6005BBBC2 /* Debug */,
				95C228161B8A33B6005BBBC2 /* Release */,
			);
			defaultConfigurationIsVisible = 0;
			defaultConfigurationName = Release;
		};
/* End XCConfigurationList section */
	};
	rootObject = 95C227ED1B8A33B5005BBBC2 /* Project object */;
}
